{
  "object": {
    "pins": [
      {
        "package": "swift-collections",
        "repositoryURL": "https://github.com/apple/swift-collections.git",
        "state": {
          "branch": "main",
          "revision": "108ac4fa4ef7f2622b97a1f5dd92a3e0c6857c60",
          "version": null
        }
      }
    ]
  },
  "version": 1
}
